
Microsoft Visual Studio Solution File, Format Version 12.00
# Visual Studio Version 17
VisualStudioVersion = 17.6.33829.357
MinimumVisualStudioVersion = 10.0.40219.1
Project("{9A19103F-16F7-4668-BE54-9A1E7A4F7556}") = "Lesson1", "TMS\Lesson1.csproj", "{77845365-ABCD-49D9-B525-1F20C4F1999E}"
EndProject
Project("{9A19103F-16F7-4668-BE54-9A1E7A4F7556}") = "LibraryClass", "ClassLibrary2\LibraryClass.csproj", "{47C51284-B8CC-488C-99CB-67E58CF5008F}"
EndProject
Global
	GlobalSection(SolutionConfigurationPlatforms) = preSolution
		Debug|Any CPU = Debug|Any CPU
		Release|Any CPU = Release|Any CPU
	EndGlobalSection
	GlobalSection(ProjectConfigurationPlatforms) = postSolution
		{77845365-ABCD-49D9-B525-1F20C4F1999E}.Debug|Any CPU.ActiveCfg = Debug|Any CPU
		{77845365-ABCD-49D9-B525-1F20C4F1999E}.Debug|Any CPU.Build.0 = Debug|Any CPU
		{77845365-ABCD-49D9-B525-1F20C4F1999E}.Release|Any CPU.ActiveCfg = Release|Any CPU
		{77845365-ABCD-49D9-B525-1F20C4F1999E}.Release|Any CPU.Build.0 = Release|Any CPU
		{47C51284-B8CC-488C-99CB-67E58CF5008F}.Debug|Any CPU.ActiveCfg = Debug|Any CPU
		{47C51284-B8CC-488C-99CB-67E58CF5008F}.Debug|Any CPU.Build.0 = Debug|Any CPU
		{47C51284-B8CC-488C-99CB-67E58CF5008F}.Release|Any CPU.ActiveCfg = Release|Any CPU
		{47C51284-B8CC-488C-99CB-67E58CF5008F}.Release|Any CPU.Build.0 = Release|Any CPU
	EndGlobalSection
	GlobalSection(SolutionProperties) = preSolution
		HideSolutionNode = FALSE
	EndGlobalSection
	GlobalSection(ExtensibilityGlobals) = postSolution
		SolutionGuid = {1FC3004D-5D80-4539-80B1-573F4AB7D796}
	EndGlobalSection
EndGlobal
